Microsoft Visual Studio Solution File, Format Version 12.00
# Visual Studio Version 17
VisualStudioVersion = 17.0.31903.59
MinimumVisualStudioVersion = 10.0.40219.1
Project("{FAE04EC0-301F-11D3-BF4B-00C04F79EFBC}") = "GreatCompany", "GreatCompany\GreatCompany.csproj", "{F438F17F-0BE6-44A8-8E20-58CB9D5D0BD4}"
EndProject
Project("{2150E333-8FDC-42A3-9474-1A3956D46DE8}") = "QSLibs", "QSLibs", "{893C4731-6D73-44C4-93CD-33525B77C8D1}"
EndProject
Project("{FAE04EC0-301F-11D3-BF4B-00C04F79EFBC}") = "QS.BaseParameters", "QSProjects\QS.BaseParameters\QS.BaseParameters.csproj", "{A869EC36-67D2-4A36-95E9-0B1E7350928F}"
EndProject
Project("{FAE04EC0-301F-11D3-BF4B-00C04F79EFBC}") = "QS.Cloud.Client", "QSProjects\QS.Cloud.Client\QS.Cloud.Client.csproj", "{FDAD9134-9572-4713-94B7-517714276E50}"
EndProject
Project("{FAE04EC0-301F-11D3-BF4B-00C04F79EFBC}") = "QS.Configuration", "QSProjects\QS.Configuration\QS.Configuration.csproj", "{5D124360-C8FB-4779-958B-0DA5D6B90C29}"
EndProject
Project("{FAE04EC0-301F-11D3-BF4B-00C04F79EFBC}") = "QS.DbManagement", "QSProjects\QS.DbManagement\QS.DbManagement.csproj", "{FAF198FD-57A5-436C-B782-10F0BA0B2ACA}"
EndProject
Project("{FAE04EC0-301F-11D3-BF4B-00C04F79EFBC}") = "QS.ErrorReporting", "QSProjects\QS.ErrorReporting\QS.ErrorReporting.csproj", "{7BAFF136-4379-4D1D-A554-7DC340CAF7A2}"
EndProject
Project("{FAE04EC0-301F-11D3-BF4B-00C04F79EFBC}") = "QS.ErrorReporting.Client", "QSProjects\QS.ErrorReporting.Client\QS.ErrorReporting.Client.csproj", "{BABA2CB7-6EFE-4B1B-9324-74CBCBACF257}"
EndProject
Project("{FAE04EC0-301F-11D3-BF4B-00C04F79EFBC}") = "Gamma.Utilities", "QSProjects\Binding\Gamma.Utilities\Gamma.Utilities.csproj", "{1BF2A638-420D-456C-96A7-36873A0FB894}"
EndProject
Project("{FAE04EC0-301F-11D3-BF4B-00C04F79EFBC}") = "QS.Extensions.Observable", "QSProjects\QS.Extensions.Observable\QS.Extensions.Observable.csproj", "{2A0710B2-B71B-4959-88DA-0940100E172A}"
EndProject
Project("{FAE04EC0-301F-11D3-BF4B-00C04F79EFBC}") = "QS.Launcher", "QSProjects\QS.Launcher\QS.Launcher.csproj", "{385310AC-35A0-4BCE-9A8A-E3099A110036}"
EndProject
Project("{FAE04EC0-301F-11D3-BF4B-00C04F79EFBC}") = "QS.Project.Abstract", "QSProjects\QS.Project.Abstract\QS.Project.Abstract.csproj", "{E95BE5DC-A197-4657-87DC-A2D677EADB76}"
EndProject
Project("{FAE04EC0-301F-11D3-BF4B-00C04F79EFBC}") = "QS.Launcher.Avalonia", "QSProjects\QS.Launcher.Avalonia\QS.Launcher.Avalonia.csproj", "{90BD1391-E96D-4632-9CE0-C1361DF2C9CD}"
EndProject
Project("{FAE04EC0-301F-11D3-BF4B-00C04F79EFBC}") = "QS.Project.Avalonia", "QSProjects\QS.Project.Avalonia\QS.Project.Avalonia.csproj", "{A336AEC1-7BB6-4B28-8D92-1F5C90551EB4}"
EndProject
Project("{FAE04EC0-301F-11D3-BF4B-00C04F79EFBC}") = "QS.Utilities", "QSProjects\QS.Utilities\QS.Utilities.csproj", "{E2228A2B-4883-4DD8-8A05-23501F7B8A33}"
EndProject
Project("{FAE04EC0-301F-11D3-BF4B-00C04F79EFBC}") = "QS.Project.Core", "QSProjects\QS.Project.Core\QS.Project.Core.csproj", "{C01AE5A4-3CFF-4C7B-884D-45B07ACDE761}"
EndProject
Project("{FAE04EC0-301F-11D3-BF4B-00C04F79EFBC}") = "QS.Project.Desktop", "QSProjects\QS.Project.Desktop\QS.Project.Desktop.csproj", "{5EF2A7DA-3886-4809-95DF-880BD783A211}"
EndProject
Global
	GlobalSection(SolutionConfigurationPlatforms) = preSolution
		Debug|Any CPU = Debug|Any CPU
		Release|Any CPU = Release|Any CPU
	EndGlobalSection
	GlobalSection(ProjectConfigurationPlatforms) = postSolution
		{F438F17F-0BE6-44A8-8E20-58CB9D5D0BD4}.Debug|Any CPU.ActiveCfg = Debug|Any CPU
		{F438F17F-0BE6-44A8-8E20-58CB9D5D0BD4}.Debug|Any CPU.Build.0 = Debug|Any CPU
		{F438F17F-0BE6-44A8-8E20-58CB9D5D0BD4}.Release|Any CPU.ActiveCfg = Release|Any CPU
		{F438F17F-0BE6-44A8-8E20-58CB9D5D0BD4}.Release|Any CPU.Build.0 = Release|Any CPU
		{A869EC36-67D2-4A36-95E9-0B1E7350928F}.Debug|Any CPU.ActiveCfg = Debug|Any CPU
		{A869EC36-67D2-4A36-95E9-0B1E7350928F}.Debug|Any CPU.Build.0 = Debug|Any CPU
		{A869EC36-67D2-4A36-95E9-0B1E7350928F}.Release|Any CPU.ActiveCfg = Release|Any CPU
		{A869EC36-67D2-4A36-95E9-0B1E7350928F}.Release|Any CPU.Build.0 = Release|Any CPU
		{FDAD9134-9572-4713-94B7-517714276E50}.Debug|Any CPU.ActiveCfg = Debug|Any CPU
		{FDAD9134-9572-4713-94B7-517714276E50}.Debug|Any CPU.Build.0 = Debug|Any CPU
		{FDAD9134-9572-4713-94B7-517714276E50}.Release|Any CPU.ActiveCfg = Release|Any CPU
		{FDAD9134-9572-4713-94B7-517714276E50}.Release|Any CPU.Build.0 = Release|Any CPU
		{5D124360-C8FB-4779-958B-0DA5D6B90C29}.Debug|Any CPU.ActiveCfg = Debug|Any CPU
		{5D124360-C8FB-4779-958B-0DA5D6B90C29}.Debug|Any CPU.Build.0 = Debug|Any CPU
		{5D124360-C8FB-4779-958B-0DA5D6B90C29}.Release|Any CPU.ActiveCfg = Release|Any CPU
		{5D124360-C8FB-4779-958B-0DA5D6B90C29}.Release|Any CPU.Build.0 = Release|Any CPU
		{FAF198FD-57A5-436C-B782-10F0BA0B2ACA}.Debug|Any CPU.ActiveCfg = Debug|Any CPU
		{FAF198FD-57A5-436C-B782-10F0BA0B2ACA}.Debug|Any CPU.Build.0 = Debug|Any CPU
		{FAF198FD-57A5-436C-B782-10F0BA0B2ACA}.Release|Any CPU.ActiveCfg = Release|Any CPU
		{FAF198FD-57A5-436C-B782-10F0BA0B2ACA}.Release|Any CPU.Build.0 = Release|Any CPU
		{7BAFF136-4379-4D1D-A554-7DC340CAF7A2}.Debug|Any CPU.ActiveCfg = Debug|Any CPU
		{7BAFF136-4379-4D1D-A554-7DC340CAF7A2}.Debug|Any CPU.Build.0 = Debug|Any CPU
		{7BAFF136-4379-4D1D-A554-7DC340CAF7A2}.Release|Any CPU.ActiveCfg = Release|Any CPU
		{7BAFF136-4379-4D1D-A554-7DC340CAF7A2}.Release|Any CPU.Build.0 = Release|Any CPU
		{BABA2CB7-6EFE-4B1B-9324-74CBCBACF257}.Debug|Any CPU.ActiveCfg = Debug|Any CPU
		{BABA2CB7-6EFE-4B1B-9324-74CBCBACF257}.Debug|Any CPU.Build.0 = Debug|Any CPU
		{BABA2CB7-6EFE-4B1B-9324-74CBCBACF257}.Release|Any CPU.ActiveCfg = Release|Any CPU
		{BABA2CB7-6EFE-4B1B-9324-74CBCBACF257}.Release|Any CPU.Build.0 = Release|Any CPU
		{1BF2A638-420D-456C-96A7-36873A0FB894}.Debug|Any CPU.ActiveCfg = Debug|Any CPU
		{1BF2A638-420D-456C-96A7-36873A0FB894}.Debug|Any CPU.Build.0 = Debug|Any CPU
		{1BF2A638-420D-456C-96A7-36873A0FB894}.Release|Any CPU.ActiveCfg = Release|Any CPU
		{1BF2A638-420D-456C-96A7-36873A0FB894}.Release|Any CPU.Build.0 = Release|Any CPU
		{2A0710B2-B71B-4959-88DA-0940100E172A}.Debug|Any CPU.ActiveCfg = Debug|Any CPU
		{2A0710B2-B71B-4959-88DA-0940100E172A}.Debug|Any CPU.Build.0 = Debug|Any CPU
		{2A0710B2-B71B-4959-88DA-0940100E172A}.Release|Any CPU.ActiveCfg = Release|Any CPU
		{2A0710B2-B71B-4959-88DA-0940100E172A}.Release|Any CPU.Build.0 = Release|Any CPU
		{385310AC-35A0-4BCE-9A8A-E3099A110036}.Debug|Any CPU.ActiveCfg = Debug|Any CPU
		{385310AC-35A0-4BCE-9A8A-E3099A110036}.Debug|Any CPU.Build.0 = Debug|Any CPU
		{385310AC-35A0-4BCE-9A8A-E3099A110036}.Release|Any CPU.ActiveCfg = Release|Any CPU
		{385310AC-35A0-4BCE-9A8A-E3099A110036}.Release|Any CPU.Build.0 = Release|Any CPU
		{E95BE5DC-A197-4657-87DC-A2D677EADB76}.Debug|Any CPU.ActiveCfg = Debug|Any CPU
		{E95BE5DC-A197-4657-87DC-A2D677EADB76}.Debug|Any CPU.Build.0 = Debug|Any CPU
		{E95BE5DC-A197-4657-87DC-A2D677EADB76}.Release|Any CPU.ActiveCfg = Release|Any CPU
		{E95BE5DC-A197-4657-87DC-A2D677EADB76}.Release|Any CPU.Build.0 = Release|Any CPU
		{90BD1391-E96D-4632-9CE0-C1361DF2C9CD}.Debug|Any CPU.ActiveCfg = Debug|Any CPU
		{90BD1391-E96D-4632-9CE0-C1361DF2C9CD}.Debug|Any CPU.Build.0 = Debug|Any CPU
		{90BD1391-E96D-4632-9CE0-C1361DF2C9CD}.Release|Any CPU.ActiveCfg = Release|Any CPU
		{90BD1391-E96D-4632-9CE0-C1361DF2C9CD}.Release|Any CPU.Build.0 = Release|Any CPU
		{A336AEC1-7BB6-4B28-8D92-1F5C90551EB4}.Debug|Any CPU.ActiveCfg = Debug|Any CPU
		{A336AEC1-7BB6-4B28-8D92-1F5C90551EB4}.Debug|Any CPU.Build.0 = Debug|Any CPU
		{A336AEC1-7BB6-4B28-8D92-1F5C90551EB4}.Release|Any CPU.ActiveCfg = Release|Any CPU
		{A336AEC1-7BB6-4B28-8D92-1F5C90551EB4}.Release|Any CPU.Build.0 = Release|Any CPU
		{E2228A2B-4883-4DD8-8A05-23501F7B8A33}.Debug|Any CPU.ActiveCfg = Debug|Any CPU
		{E2228A2B-4883-4DD8-8A05-23501F7B8A33}.Debug|Any CPU.Build.0 = Debug|Any CPU
		{E2228A2B-4883-4DD8-8A05-23501F7B8A33}.Release|Any CPU.ActiveCfg = Release|Any CPU
		{E2228A2B-4883-4DD8-8A05-23501F7B8A33}.Release|Any CPU.Build.0 = Release|Any CPU
		{C01AE5A4-3CFF-4C7B-884D-45B07ACDE761}.Debug|Any CPU.ActiveCfg = Debug|Any CPU
		{C01AE5A4-3CFF-4C7B-884D-45B07ACDE761}.Debug|Any CPU.Build.0 = Debug|Any CPU
		{C01AE5A4-3CFF-4C7B-884D-45B07ACDE761}.Release|Any CPU.ActiveCfg = Release|Any CPU
		{C01AE5A4-3CFF-4C7B-884D-45B07ACDE761}.Release|Any CPU.Build.0 = Release|Any CPU
		{5EF2A7DA-3886-4809-95DF-880BD783A211}.Debug|Any CPU.ActiveCfg = Debug|Any CPU
		{5EF2A7DA-3886-4809-95DF-880BD783A211}.Debug|Any CPU.Build.0 = Debug|Any CPU
		{5EF2A7DA-3886-4809-95DF-880BD783A211}.Release|Any CPU.ActiveCfg = Release|Any CPU
		{5EF2A7DA-3886-4809-95DF-880BD783A211}.Release|Any CPU.Build.0 = Release|Any CPU
	EndGlobalSection
	GlobalSection(SolutionProperties) = preSolution
		HideSolutionNode = FALSE
	EndGlobalSection
	GlobalSection(NestedProjects) = preSolution
		{A869EC36-67D2-4A36-95E9-0B1E7350928F} = {893C4731-6D73-44C4-93CD-33525B77C8D1}
		{FDAD9134-9572-4713-94B7-517714276E50} = {893C4731-6D73-44C4-93CD-33525B77C8D1}
		{5D124360-C8FB-4779-958B-0DA5D6B90C29} = {893C4731-6D73-44C4-93CD-33525B77C8D1}
		{FAF198FD-57A5-436C-B782-10F0BA0B2ACA} = {893C4731-6D73-44C4-93CD-33525B77C8D1}
		{7BAFF136-4379-4D1D-A554-7DC340CAF7A2} = {893C4731-6D73-44C4-93CD-33525B77C8D1}
		{BABA2CB7-6EFE-4B1B-9324-74CBCBACF257} = {893C4731-6D73-44C4-93CD-33525B77C8D1}
		{1BF2A638-420D-456C-96A7-36873A0FB894} = {893C4731-6D73-44C4-93CD-33525B77C8D1}
		{2A0710B2-B71B-4959-88DA-0940100E172A} = {893C4731-6D73-44C4-93CD-33525B77C8D1}
		{385310AC-35A0-4BCE-9A8A-E3099A110036} = {893C4731-6D73-44C4-93CD-33525B77C8D1}
		{E95BE5DC-A197-4657-87DC-A2D677EADB76} = {893C4731-6D73-44C4-93CD-33525B77C8D1}
		{90BD1391-E96D-4632-9CE0-C1361DF2C9CD} = {893C4731-6D73-44C4-93CD-33525B77C8D1}
		{A336AEC1-7BB6-4B28-8D92-1F5C90551EB4} = {893C4731-6D73-44C4-93CD-33525B77C8D1}
		{E2228A2B-4883-4DD8-8A05-23501F7B8A33} = {893C4731-6D73-44C4-93CD-33525B77C8D1}
		{C01AE5A4-3CFF-4C7B-884D-45B07ACDE761} = {893C4731-6D73-44C4-93CD-33525B77C8D1}
		{5EF2A7DA-3886-4809-95DF-880BD783A211} = {893C4731-6D73-44C4-93CD-33525B77C8D1}
	EndGlobalSection
EndGlobal
